{
  "name": "quiet-study",
  "version": "1.0.0",
  "lockfileVersion": 3,
  "requires": true,
  "packages": {
    "": {
      "name": "quiet-study",
      "version": "1.0.0",
      "dependencies": {
        "@paulbowler/if-engine": "https://github.com/paulbowler/interactive-fiction/releases/download/v1.2.0/paulbowler-if-engine-1.2.0.tgz",
        "@paulbowler/if-browser": "https://github.com/paulbowler/interactive-fiction/releases/download/v1.2.0/paulbowler-if-browser-1.2.0.tgz"
      },
      "engines": {
        "node": ">=22"
      }
    },
    "node_modules/@paulbowler/if-browser": {
      "version": "1.2.0",
      "resolved": "https://github.com/paulbowler/interactive-fiction/releases/download/v1.2.0/paulbowler-if-browser-1.2.0.tgz",
      "integrity": "sha512-cTz/225fFJ2YsvbZjUVeGEtlIIhAm/Yx/UuKCqBowMUfYSU0k1W5L5hpg5p3YrVEokHQe0RLja/AUm7q81Kp3g==",
      "license": "MIT",
      "dependencies": {
        "json5": "2.2.3"
      },
      "bin": {
        "if-build": "bin/build.js"
      },
      "engines": {
        "node": ">=22"
      },
      "peerDependencies": {
        "@paulbowler/if-engine": "^1.2.0"
      }
    },
    "node_modules/@paulbowler/if-engine": {
      "version": "1.2.0",
      "resolved": "https://github.com/paulbowler/interactive-fiction/releases/download/v1.2.0/paulbowler-if-engine-1.2.0.tgz",
      "integrity": "sha512-JmlYZGZwcs4XaPdF6GB9qhhOHs72IenrUxDARTJvPTlFtucHiHg2biBJCoOJG0t946ORv+5LKjw/yUMBvzuQCA==",
      "license": "MIT",
      "engines": {
        "node": ">=22"
      }
    },
    "node_modules/json5": {
      "version": "2.2.3",
      "resolved": "https://registry.npmjs.org/json5/-/json5-2.2.3.tgz",
      "integrity": "sha512-XmOWe7eyHYH14cLdVPoyg+GOH3rYX++KpzrylJwSW98t3Nk+U8XOl8FWKOgwtzdb8lXGf6zYwDUzeHMWfxasyg==",
      "license": "MIT",
      "bin": {
        "json5": "lib/cli.js"
      },
      "engines": {
        "node": ">=6"
      }
    }
  }
}
