{
  "name": "quiet-study",
  "version": "1.0.0",
  "lockfileVersion": 3,
  "requires": true,
  "packages": {
    "": {
      "name": "quiet-study",
      "version": "1.0.0",
      "dependencies": {
        "@paulbowler/if-engine": "https://github.com/paulbowler/interactive-fiction/releases/download/v1.5.0/paulbowler-if-engine-1.5.0.tgz",
        "@paulbowler/if-browser": "https://github.com/paulbowler/interactive-fiction/releases/download/v1.5.0/paulbowler-if-browser-1.5.0.tgz"
      },
      "engines": {
        "node": ">=22"
      }
    },
    "node_modules/@paulbowler/if-browser": {
      "version": "1.5.0",
      "resolved": "https://github.com/paulbowler/interactive-fiction/releases/download/v1.5.0/paulbowler-if-browser-1.5.0.tgz",
      "integrity": "sha512-z3LVOYy3QNR2GUYbbwxRJpIyi3B6ck9nmhoGcTXXqD/Lwk47SpWMVEixeVgT7wwxyk46EjOGd32osG8KYdseqw==",
      "license": "MIT",
      "dependencies": {
        "json5": "2.2.3"
      },
      "bin": {
        "if-build": "bin/build.js"
      },
      "engines": {
        "node": ">=22"
      },
      "peerDependencies": {
        "@paulbowler/if-engine": "^1.5.0"
      }
    },
    "node_modules/@paulbowler/if-engine": {
      "version": "1.5.0",
      "resolved": "https://github.com/paulbowler/interactive-fiction/releases/download/v1.5.0/paulbowler-if-engine-1.5.0.tgz",
      "integrity": "sha512-xGCP5Ehmeq+aCW2MsmgSLOskETt00f0ciEaZhDaiPu7i4vIFcBstmapOIYT00Afa/J2rSCrSr1YV8cA0okdUMQ==",
      "license": "MIT",
      "engines": {
        "node": ">=22"
      }
    },
    "node_modules/json5": {
      "version": "2.2.3",
      "resolved": "https://registry.npmjs.org/json5/-/json5-2.2.3.tgz",
      "integrity": "sha512-XmOWe7eyHYH14cLdVPoyg+GOH3rYX++KpzrylJwSW98t3Nk+U8XOl8FWKOgwtzdb8lXGf6zYwDUzeHMWfxasyg==",
      "license": "MIT",
      "bin": {
        "json5": "lib/cli.js"
      },
      "engines": {
        "node": ">=6"
      }
    }
  }
}
