{
  "name": "quiet-study",
  "version": "1.0.0",
  "lockfileVersion": 3,
  "requires": true,
  "packages": {
    "": {
      "name": "quiet-study",
      "version": "1.0.0",
      "dependencies": {
        "@paulbowler/if-engine": "https://github.com/paulbowler/interactive-fiction/releases/download/v1.6.0/paulbowler-if-engine-1.6.0.tgz",
        "@paulbowler/if-browser": "https://github.com/paulbowler/interactive-fiction/releases/download/v1.6.0/paulbowler-if-browser-1.6.0.tgz"
      },
      "engines": {
        "node": ">=22"
      }
    },
    "node_modules/@paulbowler/if-browser": {
      "version": "1.6.0",
      "resolved": "https://github.com/paulbowler/interactive-fiction/releases/download/v1.6.0/paulbowler-if-browser-1.6.0.tgz",
      "integrity": "sha512-72oGEhldtCmL2eXPbknmAKkzXsTOb304wPsezlFmgBF0ZSO47yZ7oUhXf1pmf3vLP2ibtXZkJg9lJV4w7u3/7Q==",
      "license": "MIT",
      "dependencies": {
        "json5": "2.2.3"
      },
      "bin": {
        "if-build": "bin/build.js"
      },
      "engines": {
        "node": ">=22"
      },
      "peerDependencies": {
        "@paulbowler/if-engine": "^1.6.0"
      }
    },
    "node_modules/@paulbowler/if-engine": {
      "version": "1.6.0",
      "resolved": "https://github.com/paulbowler/interactive-fiction/releases/download/v1.6.0/paulbowler-if-engine-1.6.0.tgz",
      "integrity": "sha512-Y48gAiWnIu2gG04521wSbF8YtzQ3J650zY8azGHqqSqRdtxwo1+4u3+wAiKHnyGtUgisGXP8f+CBy190Y+/6Aw==",
      "license": "MIT",
      "engines": {
        "node": ">=22"
      }
    },
    "node_modules/json5": {
      "version": "2.2.3",
      "resolved": "https://registry.npmjs.org/json5/-/json5-2.2.3.tgz",
      "integrity": "sha512-XmOWe7eyHYH14cLdVPoyg+GOH3rYX++KpzrylJwSW98t3Nk+U8XOl8FWKOgwtzdb8lXGf6zYwDUzeHMWfxasyg==",
      "license": "MIT",
      "bin": {
        "json5": "lib/cli.js"
      },
      "engines": {
        "node": ">=6"
      }
    }
  }
}
